
Microsoft Visual Studio Solution File, Format Version 12.00
# Visual Studio Version 18
VisualStudioVersion = 18.0.11205.157 d18.0
MinimumVisualStudioVersion = 10.0.40219.1
Project("{2150E333-8FDC-42A3-9474-1A3956D46DE8}") = "Shop", "Shop", "{02EA681E-C7D8-13C7-8484-4AC65E1B71E8}"
EndProject
Project("{FAE04EC0-301F-11D3-BF4B-00C04F79EFBC}") = "Shop.Domain", "Shop\Shop.Domain\Shop.Domain.csproj", "{60F83676-7706-466D-8632-A77548348E4E}"
EndProject
Project("{FAE04EC0-301F-11D3-BF4B-00C04F79EFBC}") = "Shop.Contract", "Shop\Shop.Contract\Shop.Contract.csproj", "{61DCD6C0-BD3B-4FD4-90D8-01C181472506}"
EndProject
Project("{FAE04EC0-301F-11D3-BF4B-00C04F79EFBC}") = "Shop.Application", "Shop\Shop.Application\Shop.Application.csproj", "{08B43036-5B1C-4803-8AD3-AC3F99BB05E3}"
EndProject
Project("{FAE04EC0-301F-11D3-BF4B-00C04F79EFBC}") = "Shop.Infrastructure", "Shop\Shop.Infrastructure\Shop.Infrastructure.csproj", "{3EC9126F-22F1-4639-99BD-28A5A33BAD0F}"
EndProject
Project("{FAE04EC0-301F-11D3-BF4B-00C04F79EFBC}") = "Shop.Query", "Shop\Shop.Query\Shop.Query.csproj", "{C97DA01A-B555-4D2E-AB7D-BD2C9F489F78}"
EndProject
Project("{FAE04EC0-301F-11D3-BF4B-00C04F79EFBC}") = "Shop.Presentation.Facade", "Shop\Shop.Presentation.Facade\Shop.Presentation.Facade.csproj", "{E9B6104F-17E3-4AD7-8DC8-DF3AC1670737}"
EndProject
Project("{2150E333-8FDC-42A3-9474-1A3956D46DE8}") = "Common", "Common", "{910CE0DC-662E-4EBA-87C5-EF19ABBAAF7A}"
EndProject
Project("{FAE04EC0-301F-11D3-BF4B-00C04F79EFBC}") = "Common.Domain", "Common\Common.Domain\Common.Domain.csproj", "{721E69D9-C602-4393-BBB7-6047D188B48E}"
EndProject
Project("{FAE04EC0-301F-11D3-BF4B-00C04F79EFBC}") = "Common.Application", "Common\Common.Application\Common.Application.csproj", "{EF2361DE-53F3-4846-B2E5-746E5288ACC6}"
EndProject
Project("{FAE04EC0-301F-11D3-BF4B-00C04F79EFBC}") = "Common.Query", "Common\Query\Common.Query.csproj", "{79D1507E-1365-4503-A061-75EB7BF3486B}"
EndProject
Project("{FAE04EC0-301F-11D3-BF4B-00C04F79EFBC}") = "shop.Config", "Shop\shop.Config\shop.Config.csproj", "{D6C93382-41C8-4A57-86E7-91AE2A871643}"
EndProject
Project("{2150E333-8FDC-42A3-9474-1A3956D46DE8}") = "EndPoints", "EndPoints", "{BAC66CD9-DB19-463E-9527-AABBAFE33AC4}"
EndProject
Project("{FAE04EC0-301F-11D3-BF4B-00C04F79EFBC}") = "Shop.Api", "Shop\Shop.Api\Shop.Api.csproj", "{93D49D96-8D71-4A37-BF12-C8C15F369B17}"
EndProject
Project("{FAE04EC0-301F-11D3-BF4B-00C04F79EFBC}") = "Common.AspNetCore", "Common\Common.AspNetCore\Common.AspNetCore.csproj", "{6371E40F-88C0-4A51-B893-2D4C33550B3F}"
EndProject
Project("{FAE04EC0-301F-11D3-BF4B-00C04F79EFBC}") = "Common.CacheHelper", "Common\Common.ChachHelper\Common.CacheHelper.csproj", "{A829300E-7B0D-477A-94D0-4E819C927A0D}"
EndProject
Global
	GlobalSection(SolutionConfigurationPlatforms) = preSolution
		Debug|Any CPU = Debug|Any CPU
		Release|Any CPU = Release|Any CPU
	EndGlobalSection
	GlobalSection(ProjectConfigurationPlatforms) = postSolution
		{60F83676-7706-466D-8632-A77548348E4E}.Debug|Any CPU.ActiveCfg = Debug|Any CPU
		{60F83676-7706-466D-8632-A77548348E4E}.Debug|Any CPU.Build.0 = Debug|Any CPU
		{60F83676-7706-466D-8632-A77548348E4E}.Release|Any CPU.ActiveCfg = Release|Any CPU
		{60F83676-7706-466D-8632-A77548348E4E}.Release|Any CPU.Build.0 = Release|Any CPU
		{61DCD6C0-BD3B-4FD4-90D8-01C181472506}.Debug|Any CPU.ActiveCfg = Debug|Any CPU
		{61DCD6C0-BD3B-4FD4-90D8-01C181472506}.Debug|Any CPU.Build.0 = Debug|Any CPU
		{61DCD6C0-BD3B-4FD4-90D8-01C181472506}.Release|Any CPU.ActiveCfg = Release|Any CPU
		{61DCD6C0-BD3B-4FD4-90D8-01C181472506}.Release|Any CPU.Build.0 = Release|Any CPU
		{08B43036-5B1C-4803-8AD3-AC3F99BB05E3}.Debug|Any CPU.ActiveCfg = Debug|Any CPU
		{08B43036-5B1C-4803-8AD3-AC3F99BB05E3}.Debug|Any CPU.Build.0 = Debug|Any CPU
		{08B43036-5B1C-4803-8AD3-AC3F99BB05E3}.Release|Any CPU.ActiveCfg = Release|Any CPU
		{08B43036-5B1C-4803-8AD3-AC3F99BB05E3}.Release|Any CPU.Build.0 = Release|Any CPU
		{3EC9126F-22F1-4639-99BD-28A5A33BAD0F}.Debug|Any CPU.ActiveCfg = Debug|Any CPU
		{3EC9126F-22F1-4639-99BD-28A5A33BAD0F}.Debug|Any CPU.Build.0 = Debug|Any CPU
		{3EC9126F-22F1-4639-99BD-28A5A33BAD0F}.Release|Any CPU.ActiveCfg = Release|Any CPU
		{3EC9126F-22F1-4639-99BD-28A5A33BAD0F}.Release|Any CPU.Build.0 = Release|Any CPU
		{C97DA01A-B555-4D2E-AB7D-BD2C9F489F78}.Debug|Any CPU.ActiveCfg = Debug|Any CPU
		{C97DA01A-B555-4D2E-AB7D-BD2C9F489F78}.Debug|Any CPU.Build.0 = Debug|Any CPU
		{C97DA01A-B555-4D2E-AB7D-BD2C9F489F78}.Release|Any CPU.ActiveCfg = Release|Any CPU
		{C97DA01A-B555-4D2E-AB7D-BD2C9F489F78}.Release|Any CPU.Build.0 = Release|Any CPU
		{E9B6104F-17E3-4AD7-8DC8-DF3AC1670737}.Debug|Any CPU.ActiveCfg = Debug|Any CPU
		{E9B6104F-17E3-4AD7-8DC8-DF3AC1670737}.Debug|Any CPU.Build.0 = Debug|Any CPU
		{E9B6104F-17E3-4AD7-8DC8-DF3AC1670737}.Release|Any CPU.ActiveCfg = Release|Any CPU
		{E9B6104F-17E3-4AD7-8DC8-DF3AC1670737}.Release|Any CPU.Build.0 = Release|Any CPU
		{721E69D9-C602-4393-BBB7-6047D188B48E}.Debug|Any CPU.ActiveCfg = Debug|Any CPU
		{721E69D9-C602-4393-BBB7-6047D188B48E}.Debug|Any CPU.Build.0 = Debug|Any CPU
		{721E69D9-C602-4393-BBB7-6047D188B48E}.Release|Any CPU.ActiveCfg = Release|Any CPU
		{721E69D9-C602-4393-BBB7-6047D188B48E}.Release|Any CPU.Build.0 = Release|Any CPU
		{EF2361DE-53F3-4846-B2E5-746E5288ACC6}.Debug|Any CPU.ActiveCfg = Debug|Any CPU
		{EF2361DE-53F3-4846-B2E5-746E5288ACC6}.Debug|Any CPU.Build.0 = Debug|Any CPU
		{EF2361DE-53F3-4846-B2E5-746E5288ACC6}.Release|Any CPU.ActiveCfg = Release|Any CPU
		{EF2361DE-53F3-4846-B2E5-746E5288ACC6}.Release|Any CPU.Build.0 = Release|Any CPU
		{79D1507E-1365-4503-A061-75EB7BF3486B}.Debug|Any CPU.ActiveCfg = Debug|Any CPU
		{79D1507E-1365-4503-A061-75EB7BF3486B}.Debug|Any CPU.Build.0 = Debug|Any CPU
		{79D1507E-1365-4503-A061-75EB7BF3486B}.Release|Any CPU.ActiveCfg = Release|Any CPU
		{79D1507E-1365-4503-A061-75EB7BF3486B}.Release|Any CPU.Build.0 = Release|Any CPU
		{D6C93382-41C8-4A57-86E7-91AE2A871643}.Debug|Any CPU.ActiveCfg = Debug|Any CPU
		{D6C93382-41C8-4A57-86E7-91AE2A871643}.Debug|Any CPU.Build.0 = Debug|Any CPU
		{D6C93382-41C8-4A57-86E7-91AE2A871643}.Release|Any CPU.ActiveCfg = Release|Any CPU
		{D6C93382-41C8-4A57-86E7-91AE2A871643}.Release|Any CPU.Build.0 = Release|Any CPU
		{93D49D96-8D71-4A37-BF12-C8C15F369B17}.Debug|Any CPU.ActiveCfg = Debug|Any CPU
		{93D49D96-8D71-4A37-BF12-C8C15F369B17}.Debug|Any CPU.Build.0 = Debug|Any CPU
		{93D49D96-8D71-4A37-BF12-C8C15F369B17}.Release|Any CPU.ActiveCfg = Release|Any CPU
		{93D49D96-8D71-4A37-BF12-C8C15F369B17}.Release|Any CPU.Build.0 = Release|Any CPU
		{6371E40F-88C0-4A51-B893-2D4C33550B3F}.Debug|Any CPU.ActiveCfg = Debug|Any CPU
		{6371E40F-88C0-4A51-B893-2D4C33550B3F}.Debug|Any CPU.Build.0 = Debug|Any CPU
		{6371E40F-88C0-4A51-B893-2D4C33550B3F}.Release|Any CPU.ActiveCfg = Release|Any CPU
		{6371E40F-88C0-4A51-B893-2D4C33550B3F}.Release|Any CPU.Build.0 = Release|Any CPU
		{A829300E-7B0D-477A-94D0-4E819C927A0D}.Debug|Any CPU.ActiveCfg = Debug|Any CPU
		{A829300E-7B0D-477A-94D0-4E819C927A0D}.Debug|Any CPU.Build.0 = Debug|Any CPU
		{A829300E-7B0D-477A-94D0-4E819C927A0D}.Release|Any CPU.ActiveCfg = Release|Any CPU
		{A829300E-7B0D-477A-94D0-4E819C927A0D}.Release|Any CPU.Build.0 = Release|Any CPU
	EndGlobalSection
	GlobalSection(SolutionProperties) = preSolution
		HideSolutionNode = FALSE
	EndGlobalSection
	GlobalSection(NestedProjects) = preSolution
		{60F83676-7706-466D-8632-A77548348E4E} = {02EA681E-C7D8-13C7-8484-4AC65E1B71E8}
		{61DCD6C0-BD3B-4FD4-90D8-01C181472506} = {02EA681E-C7D8-13C7-8484-4AC65E1B71E8}
		{08B43036-5B1C-4803-8AD3-AC3F99BB05E3} = {02EA681E-C7D8-13C7-8484-4AC65E1B71E8}
		{3EC9126F-22F1-4639-99BD-28A5A33BAD0F} = {02EA681E-C7D8-13C7-8484-4AC65E1B71E8}
		{C97DA01A-B555-4D2E-AB7D-BD2C9F489F78} = {02EA681E-C7D8-13C7-8484-4AC65E1B71E8}
		{E9B6104F-17E3-4AD7-8DC8-DF3AC1670737} = {02EA681E-C7D8-13C7-8484-4AC65E1B71E8}
		{721E69D9-C602-4393-BBB7-6047D188B48E} = {910CE0DC-662E-4EBA-87C5-EF19ABBAAF7A}
		{EF2361DE-53F3-4846-B2E5-746E5288ACC6} = {910CE0DC-662E-4EBA-87C5-EF19ABBAAF7A}
		{79D1507E-1365-4503-A061-75EB7BF3486B} = {910CE0DC-662E-4EBA-87C5-EF19ABBAAF7A}
		{D6C93382-41C8-4A57-86E7-91AE2A871643} = {02EA681E-C7D8-13C7-8484-4AC65E1B71E8}
		{BAC66CD9-DB19-463E-9527-AABBAFE33AC4} = {02EA681E-C7D8-13C7-8484-4AC65E1B71E8}
		{93D49D96-8D71-4A37-BF12-C8C15F369B17} = {BAC66CD9-DB19-463E-9527-AABBAFE33AC4}
		{6371E40F-88C0-4A51-B893-2D4C33550B3F} = {910CE0DC-662E-4EBA-87C5-EF19ABBAAF7A}
		{A829300E-7B0D-477A-94D0-4E819C927A0D} = {910CE0DC-662E-4EBA-87C5-EF19ABBAAF7A}
	EndGlobalSection
	GlobalSection(ExtensibilityGlobals) = postSolution
		SolutionGuid = {6DC80D75-3351-4CD1-810A-B8EDDD2906D5}
	EndGlobalSection
EndGlobal
